
Microsoft Visual Studio Solution File, Format Version 12.00
# Visual Studio Version 16
VisualStudioVersion = 16.0.30717.126
MinimumVisualStudioVersion = 10.0.40219.1
Project("{2150E333-8FDC-42A3-9474-1A3956D46DE8}") = "1.Domain", "1.Domain", "{42CBDA9E-FF5E-4472-A204-2D8C5FF2313C}"
EndProject
Project("{2150E333-8FDC-42A3-9474-1A3956D46DE8}") = "2.Infrastructure", "2.Infrastructure", "{F3CD76FB-6596-42F4-91E5-CCE626F051B2}"
EndProject
Project("{2150E333-8FDC-42A3-9474-1A3956D46DE8}") = "3.Core", "3.Core", "{912938FE-0239-4981-BF37-2116FF955973}"
EndProject
Project("{9A19103F-16F7-4668-BE54-9A1E7A4F7556}") = "POS.Domain", "POS.Domain\POS.Domain.csproj", "{B831A746-8599-4AB5-9DB0-E67F13257FCB}"
EndProject
Project("{9A19103F-16F7-4668-BE54-9A1E7A4F7556}") = "POS.Infrastructure.Data", "POS.Infrastructure.Data\POS.Infrastructure.Data.csproj", "{4C7DF447-9BC9-44DD-B3D6-87270C750A34}"
EndProject
Project("{9A19103F-16F7-4668-BE54-9A1E7A4F7556}") = "POS.Infrastructure.IoC", "POS.Infrastructure.IoC\POS.Infrastructure.IoC.csproj", "{D6CA6CD4-8190-4220-A51D-27777A3A3801}"
EndProject
Project("{9A19103F-16F7-4668-BE54-9A1E7A4F7556}") = "POS.Infrastructure.Logger", "POS.Infrastructure.Logger\POS.Infrastructure.Logger.csproj", "{DA7B7051-0396-4ACA-8396-FA42EBF60742}"
EndProject
Project("{9A19103F-16F7-4668-BE54-9A1E7A4F7556}") = "POS.Application", "POS.Application\POS.Application.csproj", "{2C672427-268A-446A-890E-AE3D093B7412}"
EndProject
Project("{2150E333-8FDC-42A3-9474-1A3956D46DE8}") = "4.Presentation", "4.Presentation", "{126D24C8-35B7-44F2-BD26-281ABB9C2770}"
EndProject
Project("{9A19103F-16F7-4668-BE54-9A1E7A4F7556}") = "POS.UI.MVC", "POS.UI.MVC\POS.UI.MVC.csproj", "{E5C3364F-3DBE-4A03-B48B-AFC17420BF3D}"
EndProject
Project("{9A19103F-16F7-4668-BE54-9A1E7A4F7556}") = "POS.Infrastructure.Mapper", "POS.Infrastructure.Mapper\POS.Infrastructure.Mapper.csproj", "{8B9AA9CF-FCA4-4568-9BE8-CBBF53CCF9BD}"
EndProject
Project("{9A19103F-16F7-4668-BE54-9A1E7A4F7556}") = "POS.API", "POS.API\POS.API.csproj", "{93CF5A5F-4E45-4B5E-87F8-4FD0F01D6539}"
EndProject
Project("{FAE04EC0-301F-11D3-BF4B-00C04F79EFBC}") = "POS.Infrastructure.Exceptions", "POS.Infrastructure.Exceptions\POS.Infrastructure.Exceptions.csproj", "{AB07B84F-F13D-49F2-8B77-39C699E413FA}"
EndProject
Project("{9A19103F-16F7-4668-BE54-9A1E7A4F7556}") = "POS.Infrastructure.Common", "POS.Infrastructure.Common\POS.Infrastructure.Common.csproj", "{050BBCB8-EBE7-4525-A901-7E5E9A634C94}"
EndProject
Project("{9A19103F-16F7-4668-BE54-9A1E7A4F7556}") = "POS.Test", "POS.Test\POS.Test.csproj", "{DB2A919C-6AA2-429B-AC39-5A3F8A9497AF}"
EndProject
Global
	GlobalSection(SolutionConfigurationPlatforms) = preSolution
		Debug|Any CPU = Debug|Any CPU
		Release|Any CPU = Release|Any CPU
	EndGlobalSection
	GlobalSection(ProjectConfigurationPlatforms) = postSolution
		{B831A746-8599-4AB5-9DB0-E67F13257FCB}.Debug|Any CPU.ActiveCfg = Debug|Any CPU
		{B831A746-8599-4AB5-9DB0-E67F13257FCB}.Debug|Any CPU.Build.0 = Debug|Any CPU
		{B831A746-8599-4AB5-9DB0-E67F13257FCB}.Release|Any CPU.ActiveCfg = Release|Any CPU
		{B831A746-8599-4AB5-9DB0-E67F13257FCB}.Release|Any CPU.Build.0 = Release|Any CPU
		{4C7DF447-9BC9-44DD-B3D6-87270C750A34}.Debug|Any CPU.ActiveCfg = Debug|Any CPU
		{4C7DF447-9BC9-44DD-B3D6-87270C750A34}.Debug|Any CPU.Build.0 = Debug|Any CPU
		{4C7DF447-9BC9-44DD-B3D6-87270C750A34}.Release|Any CPU.ActiveCfg = Release|Any CPU
		{4C7DF447-9BC9-44DD-B3D6-87270C750A34}.Release|Any CPU.Build.0 = Release|Any CPU
		{D6CA6CD4-8190-4220-A51D-27777A3A3801}.Debug|Any CPU.ActiveCfg = Debug|Any CPU
		{D6CA6CD4-8190-4220-A51D-27777A3A3801}.Debug|Any CPU.Build.0 = Debug|Any CPU
		{D6CA6CD4-8190-4220-A51D-27777A3A3801}.Release|Any CPU.ActiveCfg = Release|Any CPU
		{D6CA6CD4-8190-4220-A51D-27777A3A3801}.Release|Any CPU.Build.0 = Release|Any CPU
		{DA7B7051-0396-4ACA-8396-FA42EBF60742}.Debug|Any CPU.ActiveCfg = Debug|Any CPU
		{DA7B7051-0396-4ACA-8396-FA42EBF60742}.Debug|Any CPU.Build.0 = Debug|Any CPU
		{DA7B7051-0396-4ACA-8396-FA42EBF60742}.Release|Any CPU.ActiveCfg = Release|Any CPU
		{DA7B7051-0396-4ACA-8396-FA42EBF60742}.Release|Any CPU.Build.0 = Release|Any CPU
		{2C672427-268A-446A-890E-AE3D093B7412}.Debug|Any CPU.ActiveCfg = Debug|Any CPU
		{2C672427-268A-446A-890E-AE3D093B7412}.Debug|Any CPU.Build.0 = Debug|Any CPU
		{2C672427-268A-446A-890E-AE3D093B7412}.Release|Any CPU.ActiveCfg = Release|Any CPU
		{2C672427-268A-446A-890E-AE3D093B7412}.Release|Any CPU.Build.0 = Release|Any CPU
		{E5C3364F-3DBE-4A03-B48B-AFC17420BF3D}.Debug|Any CPU.ActiveCfg = Debug|Any CPU
		{E5C3364F-3DBE-4A03-B48B-AFC17420BF3D}.Debug|Any CPU.Build.0 = Debug|Any CPU
		{E5C3364F-3DBE-4A03-B48B-AFC17420BF3D}.Release|Any CPU.ActiveCfg = Release|Any CPU
		{E5C3364F-3DBE-4A03-B48B-AFC17420BF3D}.Release|Any CPU.Build.0 = Release|Any CPU
		{8B9AA9CF-FCA4-4568-9BE8-CBBF53CCF9BD}.Debug|Any CPU.ActiveCfg = Debug|Any CPU
		{8B9AA9CF-FCA4-4568-9BE8-CBBF53CCF9BD}.Debug|Any CPU.Build.0 = Debug|Any CPU
		{8B9AA9CF-FCA4-4568-9BE8-CBBF53CCF9BD}.Release|Any CPU.ActiveCfg = Release|Any CPU
		{8B9AA9CF-FCA4-4568-9BE8-CBBF53CCF9BD}.Release|Any CPU.Build.0 = Release|Any CPU
		{93CF5A5F-4E45-4B5E-87F8-4FD0F01D6539}.Debug|Any CPU.ActiveCfg = Debug|Any CPU
		{93CF5A5F-4E45-4B5E-87F8-4FD0F01D6539}.Debug|Any CPU.Build.0 = Debug|Any CPU
		{93CF5A5F-4E45-4B5E-87F8-4FD0F01D6539}.Release|Any CPU.ActiveCfg = Release|Any CPU
		{93CF5A5F-4E45-4B5E-87F8-4FD0F01D6539}.Release|Any CPU.Build.0 = Release|Any CPU
		{AB07B84F-F13D-49F2-8B77-39C699E413FA}.Debug|Any CPU.ActiveCfg = Debug|Any CPU
		{AB07B84F-F13D-49F2-8B77-39C699E413FA}.Debug|Any CPU.Build.0 = Debug|Any CPU
		{AB07B84F-F13D-49F2-8B77-39C699E413FA}.Release|Any CPU.ActiveCfg = Release|Any CPU
		{AB07B84F-F13D-49F2-8B77-39C699E413FA}.Release|Any CPU.Build.0 = Release|Any CPU
		{050BBCB8-EBE7-4525-A901-7E5E9A634C94}.Debug|Any CPU.ActiveCfg = Debug|Any CPU
		{050BBCB8-EBE7-4525-A901-7E5E9A634C94}.Debug|Any CPU.Build.0 = Debug|Any CPU
		{050BBCB8-EBE7-4525-A901-7E5E9A634C94}.Release|Any CPU.ActiveCfg = Release|Any CPU
		{050BBCB8-EBE7-4525-A901-7E5E9A634C94}.Release|Any CPU.Build.0 = Release|Any CPU
		{DB2A919C-6AA2-429B-AC39-5A3F8A9497AF}.Debug|Any CPU.ActiveCfg = Debug|Any CPU
		{DB2A919C-6AA2-429B-AC39-5A3F8A9497AF}.Debug|Any CPU.Build.0 = Debug|Any CPU
		{DB2A919C-6AA2-429B-AC39-5A3F8A9497AF}.Release|Any CPU.ActiveCfg = Release|Any CPU
		{DB2A919C-6AA2-429B-AC39-5A3F8A9497AF}.Release|Any CPU.Build.0 = Release|Any CPU
	EndGlobalSection
	GlobalSection(SolutionProperties) = preSolution
		HideSolutionNode = FALSE
	EndGlobalSection
	GlobalSection(NestedProjects) = preSolution
		{B831A746-8599-4AB5-9DB0-E67F13257FCB} = {42CBDA9E-FF5E-4472-A204-2D8C5FF2313C}
		{4C7DF447-9BC9-44DD-B3D6-87270C750A34} = {F3CD76FB-6596-42F4-91E5-CCE626F051B2}
		{D6CA6CD4-8190-4220-A51D-27777A3A3801} = {F3CD76FB-6596-42F4-91E5-CCE626F051B2}
		{DA7B7051-0396-4ACA-8396-FA42EBF60742} = {F3CD76FB-6596-42F4-91E5-CCE626F051B2}
		{2C672427-268A-446A-890E-AE3D093B7412} = {912938FE-0239-4981-BF37-2116FF955973}
		{E5C3364F-3DBE-4A03-B48B-AFC17420BF3D} = {126D24C8-35B7-44F2-BD26-281ABB9C2770}
		{8B9AA9CF-FCA4-4568-9BE8-CBBF53CCF9BD} = {F3CD76FB-6596-42F4-91E5-CCE626F051B2}
		{93CF5A5F-4E45-4B5E-87F8-4FD0F01D6539} = {912938FE-0239-4981-BF37-2116FF955973}
		{AB07B84F-F13D-49F2-8B77-39C699E413FA} = {F3CD76FB-6596-42F4-91E5-CCE626F051B2}
		{050BBCB8-EBE7-4525-A901-7E5E9A634C94} = {F3CD76FB-6596-42F4-91E5-CCE626F051B2}
		{DB2A919C-6AA2-429B-AC39-5A3F8A9497AF} = {912938FE-0239-4981-BF37-2116FF955973}
	EndGlobalSection
	GlobalSection(ExtensibilityGlobals) = postSolution
		SolutionGuid = {D915DC64-B822-46CD-A7A5-9E6FFBDE892D}
	EndGlobalSection
EndGlobal
